
Microsoft Visual Studio Solution File, Format Version 12.00
# Visual Studio Version 17
VisualStudioVersion = 17.6.33801.468
MinimumVisualStudioVersion = 10.0.40219.1
Project("{FAE04EC0-301F-11D3-BF4B-00C04F79EFBC}") = "MQTT Test", "MQTT Test.csproj", "{8E20A685-83FA-4D49-A7A1-DF573171457D}"
EndProject
Global
	GlobalSection(SolutionConfigurationPlatforms) = preSolution
		Debug|Any CPU = Debug|Any CPU
		Release|Any CPU = Release|Any CPU
	EndGlobalSection
	GlobalSection(ProjectConfigurationPlatforms) = postSolution
		{8E20A685-83FA-4D49-A7A1-DF573171457D}.Debug|Any CPU.ActiveCfg = Debug|Any CPU
		{8E20A685-83FA-4D49-A7A1-DF573171457D}.Debug|Any CPU.Build.0 = Debug|Any CPU
		{8E20A685-83FA-4D49-A7A1-DF573171457D}.Release|Any CPU.ActiveCfg = Release|Any CPU
		{8E20A685-83FA-4D49-A7A1-DF573171457D}.Release|Any CPU.Build.0 = Release|Any CPU
	EndGlobalSection
	GlobalSection(SolutionProperties) = preSolution
		HideSolutionNode = FALSE
	EndGlobalSection
	GlobalSection(ExtensibilityGlobals) = postSolution
		SolutionGuid = {793E93E6-0708-4C76-AB1E-72BAB50E121A}
	EndGlobalSection
EndGlobal
