
Microsoft Visual Studio Solution File, Format Version 12.00
# Visual Studio Version 17
VisualStudioVersion = 17.6.33801.468
MinimumVisualStudioVersion = 10.0.40219.1
Project("{FAE04EC0-301F-11D3-BF4B-00C04F79EFBC}") = "MQTT_Publisher", "MQTT_Publisher.csproj", "{EF268556-412A-4C6F-A9A8-59916D41F61B}"
EndProject
Global
	GlobalSection(SolutionConfigurationPlatforms) = preSolution
		Debug|Any CPU = Debug|Any CPU
		Release|Any CPU = Release|Any CPU
	EndGlobalSection
	GlobalSection(ProjectConfigurationPlatforms) = postSolution
		{EF268556-412A-4C6F-A9A8-59916D41F61B}.Debug|Any CPU.ActiveCfg = Debug|Any CPU
		{EF268556-412A-4C6F-A9A8-59916D41F61B}.Debug|Any CPU.Build.0 = Debug|Any CPU
		{EF268556-412A-4C6F-A9A8-59916D41F61B}.Release|Any CPU.ActiveCfg = Release|Any CPU
		{EF268556-412A-4C6F-A9A8-59916D41F61B}.Release|Any CPU.Build.0 = Release|Any CPU
	EndGlobalSection
	GlobalSection(SolutionProperties) = preSolution
		HideSolutionNode = FALSE
	EndGlobalSection
	GlobalSection(ExtensibilityGlobals) = postSolution
		SolutionGuid = {268E0A60-E532-42AA-B755-39903E20D6FA}
	EndGlobalSection
EndGlobal
